github.com/creack/goselect v0.1.2 h1:2DNy14+JPjRBgPzAd1thbQp4BSIihxcBf0IXhQXDRa0=
github.com/creack/goselect v0.1.2/go.mod h1:a/NhLweNvqIYMuxcMOuWY516Cimucms3DglDzQP3hKY=
github.com/gocarina/gocsv v0.0.0-20211203214250-4735fba0c1d9 h1:ptTza/LLPmfRtmz77X+6J61Wyf5e1hz5xYMvRk/hkE4=
github.com/gocarina/gocsv v0.0.0-20211203214250-4735fba0c1d9/go.mod h1:5YoVOkjYAQumqlV356Hj3xeYh4BdZuLE0/nRkf2NKkI=
github.com/mitchellh/go-homedir v1.1.0 h1:lukF9ziXFxDFPkA1vsr5zpc1XuPDn/wFntq5mG+4E0Y=
github.com/mitchellh/go-homedir v1.1.0/go.mod h1:SfyaCUpYCn1Vlf4IUYiD9fPX4A5wJrkLzIz1N1q0pr0=
go.bug.st/serial.v1 v0.0.0-20191202182710-24a6610f0541 h1:eQfoPfT+gNSh63t/oKanQlZyKgblRa/LMZRPIT+MHzA=
go.bug.st/serial.v1 v0.0.0-20191202182710-24a6610f0541/go.mod h1:dRSl/CVCTf56CkXgJMDOdSwNfo2g1orOGE/gBGdvjZw=
golang.org/x/sys v0.1.0 h1:kunALQeHf1/185U1i0GOB/fy1IPRDDpuoOOqRReG57U=
golang.org/x/sys v0.1.0/go.mod h1:oPkhp1MJrh7nUepCBck5+mAzfO9JrbApNNgaTdGDITg=
